
Microsoft Visual Studio Solution File, Format Version 12.00
# Visual Studio Version 17
VisualStudioVersion = 17.3.32811.315
MinimumVisualStudioVersion = 10.0.40219.1
Project("{FAE04EC0-301F-11D3-BF4B-00C04F79EFBC}") = "BookTrack", "BookTrack\BookTrack.csproj", "{C96A54BA-50B8-4F14-8CEE-DB96FB258529}"
EndProject
Global
	GlobalSection(SolutionConfigurationPlatforms) = preSolution
		Debug|Any CPU = Debug|Any CPU
		Release|Any CPU = Release|Any CPU
	EndGlobalSection
	GlobalSection(ProjectConfigurationPlatforms) = postSolution
		{C96A54BA-50B8-4F14-8CEE-DB96FB258529}.Debug|Any CPU.ActiveCfg = Debug|Any CPU
		{C96A54BA-50B8-4F14-8CEE-DB96FB258529}.Debug|Any CPU.Build.0 = Debug|Any CPU
		{C96A54BA-50B8-4F14-8CEE-DB96FB258529}.Release|Any CPU.ActiveCfg = Release|Any CPU
		{C96A54BA-50B8-4F14-8CEE-DB96FB258529}.Release|Any CPU.Build.0 = Release|Any CPU
	EndGlobalSection
	GlobalSection(SolutionProperties) = preSolution
		HideSolutionNode = FALSE
	EndGlobalSection
	GlobalSection(ExtensibilityGlobals) = postSolution
		SolutionGuid = {33AE5132-1201-47D1-8205-1EB967AE7CAF}
	EndGlobalSection
EndGlobal
